
Microsoft Visual Studio Solution File, Format Version 12.00
# Visual Studio 15
VisualStudioVersion = 15.0.27428.2027
MinimumVisualStudioVersion = 10.0.40219.1
Project("{FAE04EC0-301F-11D3-BF4B-00C04F79EFBC}") = "Linked_List_Project", "Linked_List_Project\Linked_List_Project.csproj", "{2D23C176-1807-44C5-B9E5-B03CE3CE9923}"
EndProject
Project("{2150E333-8FDC-42A3-9474-1A3956D46DE8}") = "Solution Items", "Solution Items", "{AFEF3DEE-868A-4A4A-8FD3-3491A719750B}"
	ProjectSection(SolutionItems) = preProject
		.gitignore = .gitignore
	EndProjectSection
EndProject
Global
	GlobalSection(SolutionConfigurationPlatforms) = preSolution
		Debug|Any CPU = Debug|Any CPU
		Release|Any CPU = Release|Any CPU
	EndGlobalSection
	GlobalSection(ProjectConfigurationPlatforms) = postSolution
		{2D23C176-1807-44C5-B9E5-B03CE3CE9923}.Debug|Any CPU.ActiveCfg = Debug|Any CPU
		{2D23C176-1807-44C5-B9E5-B03CE3CE9923}.Debug|Any CPU.Build.0 = Debug|Any CPU
		{2D23C176-1807-44C5-B9E5-B03CE3CE9923}.Release|Any CPU.ActiveCfg = Release|Any CPU
		{2D23C176-1807-44C5-B9E5-B03CE3CE9923}.Release|Any CPU.Build.0 = Release|Any CPU
	EndGlobalSection
	GlobalSection(SolutionProperties) = preSolution
		HideSolutionNode = FALSE
	EndGlobalSection
	GlobalSection(ExtensibilityGlobals) = postSolution
		SolutionGuid = {CC9CADA2-F154-462F-A0FC-147336258286}
	EndGlobalSection
EndGlobal
